
Microsoft Visual Studio Solution File, Format Version 12.00
# Visual Studio 15
VisualStudioVersion = 15.0.26730.8
MinimumVisualStudioVersion = 10.0.40219.1
Project("{8BC9CEB8-8B4A-11D0-8D11-00A0C91BC942}") = "Project3", "Project3\Project3.vcxproj", "{10252957-F903-448E-B2CF-C18B1A746EFA}"
EndProject
Global
	GlobalSection(SolutionConfigurationPlatforms) = preSolution
		Debug|x64 = Debug|x64
		Debug|x86 = Debug|x86
		Release|x64 = Release|x64
		Release|x86 = Release|x86
	EndGlobalSection
	GlobalSection(ProjectConfigurationPlatforms) = postSolution
		{10252957-F903-448E-B2CF-C18B1A746EFA}.Debug|x64.ActiveCfg = Debug|x64
		{10252957-F903-448E-B2CF-C18B1A746EFA}.Debug|x64.Build.0 = Debug|x64
		{10252957-F903-448E-B2CF-C18B1A746EFA}.Debug|x86.ActiveCfg = Debug|Win32
		{10252957-F903-448E-B2CF-C18B1A746EFA}.Debug|x86.Build.0 = Debug|Win32
		{10252957-F903-448E-B2CF-C18B1A746EFA}.Release|x64.ActiveCfg = Release|x64
		{10252957-F903-448E-B2CF-C18B1A746EFA}.Release|x64.Build.0 = Release|x64
		{10252957-F903-448E-B2CF-C18B1A746EFA}.Release|x86.ActiveCfg = Release|Win32
		{10252957-F903-448E-B2CF-C18B1A746EFA}.Release|x86.Build.0 = Release|Win32
	EndGlobalSection
	GlobalSection(SolutionProperties) = preSolution
		HideSolutionNode = FALSE
	EndGlobalSection
	GlobalSection(ExtensibilityGlobals) = postSolution
		SolutionGuid = {5D2E9EB7-DA26-4DA8-9256-417F1571BFC8}
	EndGlobalSection
EndGlobal
